
Microsoft Visual Studio Solution File, Format Version 12.00
# Visual Studio Version 16
VisualStudioVersion = 16.0.31702.278
MinimumVisualStudioVersion = 10.0.40219.1
Project("{8BC9CEB8-8B4A-11D0-8D11-00A0C91BC942}") = "VeDuongTron", "VeDuongTron.vcxproj", "{AA595696-BA44-4E76-9743-9F31BF5A655E}"
EndProject
Global
	GlobalSection(SolutionConfigurationPlatforms) = preSolution
		Debug|x64 = Debug|x64
		Debug|x86 = Debug|x86
		Release|x64 = Release|x64
		Release|x86 = Release|x86
	EndGlobalSection
	GlobalSection(ProjectConfigurationPlatforms) = postSolution
		{AA595696-BA44-4E76-9743-9F31BF5A655E}.Debug|x64.ActiveCfg = Debug|x64
		{AA595696-BA44-4E76-9743-9F31BF5A655E}.Debug|x64.Build.0 = Debug|x64
		{AA595696-BA44-4E76-9743-9F31BF5A655E}.Debug|x86.ActiveCfg = Debug|Win32
		{AA595696-BA44-4E76-9743-9F31BF5A655E}.Debug|x86.Build.0 = Debug|Win32
		{AA595696-BA44-4E76-9743-9F31BF5A655E}.Release|x64.ActiveCfg = Release|x64
		{AA595696-BA44-4E76-9743-9F31BF5A655E}.Release|x64.Build.0 = Release|x64
		{AA595696-BA44-4E76-9743-9F31BF5A655E}.Release|x86.ActiveCfg = Release|Win32
		{AA595696-BA44-4E76-9743-9F31BF5A655E}.Release|x86.Build.0 = Release|Win32
	EndGlobalSection
	GlobalSection(SolutionProperties) = preSolution
		HideSolutionNode = FALSE
	EndGlobalSection
	GlobalSection(ExtensibilityGlobals) = postSolution
		SolutionGuid = {BBE7B791-D110-4975-A354-573FF9D8DC99}
	EndGlobalSection
EndGlobal
